// !$*UTF8*$!
{
	archiveVersion = 1;
	classes = {
	};
	objectVersion = 52;
	objects = {

/* Begin PBXBuildFile section */
		221EACBC25737EAD00D644AC /* AppDelegate.swift in Sources */ = {isa = PBXBuildFile; fileRef = 221EACBB25737EAD00D644AC /* AppDelegate.swift */; };
		221EACBE25737EAD00D644AC /* SceneDelegate.swift in Sources */ = {isa = PBXBuildFile; fileRef = 221EACBD25737EAD00D644AC /* SceneDelegate.swift */; };
		221EACC025737EAD00D644AC /* ViewController.swift in Sources */ = {isa = PBXBuildFile; fileRef = 221EACBF25737EAD00D644AC /* ViewController.swift */; };
		221EACC325737EAD00D644AC /* Main.storyboard in Resources */ = {isa = PBXBuildFile; fileRef = 221EACC125737EAD00D644AC /* Main.storyboard */; };
		221EACC525737EAF00D644AC /* Assets.xcassets in Resources */ = {isa = PBXBuildFile; fileRef = 221EACC425737EAF00D644AC /* Assets.xcassets */; };
		221EACC825737EAF00D644AC /* LaunchScreen.storyboard in Resources */ = {isa = PBXBuildFile; fileRef = 221EACC625737EAF00D644AC /* LaunchScreen.storyboard */; };
		221EACD325737EAF00D644AC /* NewsAppTests.swift in Sources */ = {isa = PBXBuildFile; fileRef = 221EACD225737EAF00D644AC /* NewsAppTests.swift */; };
		221EACDE25737EAF00D644AC /* NewsAppUITests.swift in Sources */ = {isa = PBXBuildFile; fileRef = 221EACDD25737EAF00D644AC /* NewsAppUITests.swift */; };
		221EACF025737F0C00D644AC /* Swinject in Frameworks */ = {isa = PBXBuildFile; productRef = 221EACEF25737F0C00D644AC /* Swinject */; };
		221EACF62573832F00D644AC /* XCoordinator in Frameworks */ = {isa = PBXBuildFile; productRef = 221EACF52573832F00D644AC /* XCoordinator */; };
		221EAD092573880A00D644AC /* TopHeadlinesCell.swift in Sources */ = {isa = PBXBuildFile; fileRef = 221EAD072573880A00D644AC /* TopHeadlinesCell.swift */; };
		221EAD0A2573880A00D644AC /* TopHeadlinesCell.xib in Resources */ = {isa = PBXBuildFile; fileRef = 221EAD082573880A00D644AC /* TopHeadlinesCell.xib */; };
		221EAD102573915F00D644AC /* NewsResponse.swift in Sources */ = {isa = PBXBuildFile; fileRef = 221EAD0F2573915F00D644AC /* NewsResponse.swift */; };
		221EAD1825739F6300D644AC /* News.swift in Sources */ = {isa = PBXBuildFile; fileRef = 221EAD1725739F6300D644AC /* News.swift */; };
/* End PBXBuildFile section */

/* Begin PBXContainerItemProxy section */
		221EACCF25737EAF00D644AC /* PBXContainerItemProxy */ = {
			isa = PBXContainerItemProxy;
			containerPortal = 221EACB025737EAD00D644AC /* Project object */;
			proxyType = 1;
			remoteGlobalIDString = 221EACB725737EAD00D644AC;
			remoteInfo = NewsApp;
		};
		221EACDA25737EAF00D644AC /* PBXContainerItemProxy */ = {
			isa = PBXContainerItemProxy;
			containerPortal = 221EACB025737EAD00D644AC /* Project object */;
			proxyType = 1;
			remoteGlobalIDString = 221EACB725737EAD00D644AC;
			remoteInfo = NewsApp;
		};
/* End PBXContainerItemProxy section */

/* Begin PBXFileReference section */
		221EACB825737EAD00D644AC /* NewsApp.app */ = {isa = PBXFileReference; explicitFileType = wrapper.application; includeInIndex = 0; path = NewsApp.app; sourceTree = BUILT_PRODUCTS_DIR; };
		221EACBB25737EAD00D644AC /* AppDelegate.swift */ = {isa = PBXFileReference; lastKnownFileType = sourcecode.swift; path = AppDelegate.swift; sourceTree = "<group>"; };
		221EACBD25737EAD00D644AC /* SceneDelegate.swift */ = {isa = PBXFileReference; lastKnownFileType = sourcecode.swift; path = SceneDelegate.swift; sourceTree = "<group>"; };
		221EACBF25737EAD00D644AC /* ViewController.swift */ = {isa = PBXFileReference; lastKnownFileType = sourcecode.swift; path = ViewController.swift; sourceTree = "<group>"; };
		221EACC225737EAD00D644AC /* Base */ = {isa = PBXFileReference; lastKnownFileType = file.storyboard; name = Base; path = Base.lproj/Main.storyboard; sourceTree = "<group>"; };
		221EACC425737EAF00D644AC /* Assets.xcassets */ = {isa = PBXFileReference; lastKnownFileType = folder.assetcatalog; path = Assets.xcassets; sourceTree = "<group>"; };
		221EACC725737EAF00D644AC /* Base */ = {isa = PBXFileReference; lastKnownFileType = file.storyboard; name = Base; path = Base.lproj/LaunchScreen.storyboard; sourceTree = "<group>"; };
		221EACC925737EAF00D644AC /* Info.plist */ = {isa = PBXFileReference; lastKnownFileType = text.plist.xml; path = Info.plist; sourceTree = "<group>"; };
		221EACCE25737EAF00D644AC /* NewsAppTests.xctest */ = {isa = PBXFileReference; explicitFileType = wrapper.cfbundle; includeInIndex = 0; path = NewsAppTests.xctest; sourceTree = BUILT_PRODUCTS_DIR; };
		221EACD225737EAF00D644AC /* NewsAppTests.swift */ = {isa = PBXFileReference; lastKnownFileType = sourcecode.swift; path = NewsAppTests.swift; sourceTree = "<group>"; };
		221EACD425737EAF00D644AC /* Info.plist */ = {isa = PBXFileReference; lastKnownFileType = text.plist.xml; path = Info.plist; sourceTree = "<group>"; };
		221EACD925737EAF00D644AC /* NewsAppUITests.xctest */ = {isa = PBXFileReference; explicitFileType = wrapper.cfbundle; includeInIndex = 0; path = NewsAppUITests.xctest; sourceTree = BUILT_PRODUCTS_DIR; };
		221EACDD25737EAF00D644AC /* NewsAppUITests.swift */ = {isa = PBXFileReference; lastKnownFileType = sourcecode.swift; path = NewsAppUITests.swift; sourceTree = "<group>"; };
		221EACDF25737EAF00D644AC /* Info.plist */ = {isa = PBXFileReference; lastKnownFileType = text.plist.xml; path = Info.plist; sourceTree = "<group>"; };
		221EAD072573880A00D644AC /* TopHeadlinesCell.swift */ = {isa = PBXFileReference; lastKnownFileType = sourcecode.swift; path = TopHeadlinesCell.swift; sourceTree = "<group>"; };
		221EAD082573880A00D644AC /* TopHeadlinesCell.xib */ = {isa = PBXFileReference; lastKnownFileType = file.xib; path = TopHeadlinesCell.xib; sourceTree = "<group>"; };
		221EAD0F2573915F00D644AC /* NewsResponse.swift */ = {isa = PBXFileReference; lastKnownFileType = sourcecode.swift; path = NewsResponse.swift; sourceTree = "<group>"; };
		221EAD1725739F6300D644AC /* News.swift */ = {isa = PBXFileReference; lastKnownFileType = sourcecode.swift; path = News.swift; sourceTree = "<group>"; };
/* End PBXFileReference section */

/* Begin PBXFrameworksBuildPhase section */
		221EACB525737EAD00D644AC /* Frameworks */ = {
			isa = PBXFrameworksBuildPhase;
			buildActionMask = 2147483647;
			files = (
				221EACF62573832F00D644AC /* XCoordinator in Frameworks */,
				221EACF025737F0C00D644AC /* Swinject in Frameworks */,
			);
			runOnlyForDeploymentPostprocessing = 0;
		};
		221EACCB25737EAF00D644AC /* Frameworks */ = {
			isa = PBXFrameworksBuildPhase;
			buildActionMask = 2147483647;
			files = (
			);
			runOnlyForDeploymentPostprocessing = 0;
		};
		221EACD625737EAF00D644AC /* Frameworks */ = {
			isa = PBXFrameworksBuildPhase;
			buildActionMask = 2147483647;
			files = (
			);
			runOnlyForDeploymentPostprocessing = 0;
		};
/* End PBXFrameworksBuildPhase section */

/* Begin PBXGroup section */
		221EACAF25737EAD00D644AC = {
			isa = PBXGroup;
			children = (
				221EACBA25737EAD00D644AC /* NewsApp */,
				221EACD125737EAF00D644AC /* NewsAppTests */,
				221EACDC25737EAF00D644AC /* NewsAppUITests */,
				221EACB925737EAD00D644AC /* Products */,
			);
			sourceTree = "<group>";
		};
		221EACB925737EAD00D644AC /* Products */ = {
			isa = PBXGroup;
			children = (
				221EACB825737EAD00D644AC /* NewsApp.app */,
				221EACCE25737EAF00D644AC /* NewsAppTests.xctest */,
				221EACD925737EAF00D644AC /* NewsAppUITests.xctest */,
			);
			name = Products;
			sourceTree = "<group>";
		};
		221EACBA25737EAD00D644AC /* NewsApp */ = {
			isa = PBXGroup;
			children = (
				221EAD032573841700D644AC /* Data */,
				221EAD00257383F100D644AC /* Presentation */,
				221EACFB257383C600D644AC /* Domain */,
				221EACBB25737EAD00D644AC /* AppDelegate.swift */,
				221EACBD25737EAD00D644AC /* SceneDelegate.swift */,
				221EACBF25737EAD00D644AC /* ViewController.swift */,
				221EACC125737EAD00D644AC /* Main.storyboard */,
				221EACC425737EAF00D644AC /* Assets.xcassets */,
				221EACC625737EAF00D644AC /* LaunchScreen.storyboard */,
				221EACC925737EAF00D644AC /* Info.plist */,
			);
			path = NewsApp;
			sourceTree = "<group>";
		};
		221EACD125737EAF00D644AC /* NewsAppTests */ = {
			isa = PBXGroup;
			children = (
				221EACD225737EAF00D644AC /* NewsAppTests.swift */,
				221EACD425737EAF00D644AC /* Info.plist */,
			);
			path = NewsAppTests;
			sourceTree = "<group>";
		};
		221EACDC25737EAF00D644AC /* NewsAppUITests */ = {
			isa = PBXGroup;
			children = (
				221EACDD25737EAF00D644AC /* NewsAppUITests.swift */,
				221EACDF25737EAF00D644AC /* Info.plist */,
			);
			path = NewsAppUITests;
			sourceTree = "<group>";
		};
		221EACFB257383C600D644AC /* Domain */ = {
			isa = PBXGroup;
			children = (
				221EACFE257383DD00D644AC /* Interfaces */,
				221EACFD257383D500D644AC /* Usecases */,
				221EACFC257383CE00D644AC /* Model */,
			);
			path = Domain;
			sourceTree = "<group>";
		};
		221EACFC257383CE00D644AC /* Model */ = {
			isa = PBXGroup;
			children = (
				221EAD1725739F6300D644AC /* News.swift */,
			);
			path = Model;
			sourceTree = "<group>";
		};
		221EACFD257383D500D644AC /* Usecases */ = {
			isa = PBXGroup;
			children = (
			);
			path = Usecases;
			sourceTree = "<group>";
		};
		221EACFE257383DD00D644AC /* Interfaces */ = {
			isa = PBXGroup;
			children = (
				221EACFF257383E500D644AC /* Repositories */,
			);
			path = Interfaces;
			sourceTree = "<group>";
		};
		221EACFF257383E500D644AC /* Repositories */ = {
			isa = PBXGroup;
			children = (
			);
			path = Repositories;
			sourceTree = "<group>";
		};
		221EAD00257383F100D644AC /* Presentation */ = {
			isa = PBXGroup;
			children = (
				221EAD022573840A00D644AC /* NewsDetails */,
				221EAD01257383F900D644AC /* NewsList */,
			);
			path = Presentation;
			sourceTree = "<group>";
		};
		221EAD01257383F900D644AC /* NewsList */ = {
			isa = PBXGroup;
			children = (
				221EAD06257387E300D644AC /* TopHeadlinesCell */,
			);
			path = NewsList;
			sourceTree = "<group>";
		};
		221EAD022573840A00D644AC /* NewsDetails */ = {
			isa = PBXGroup;
			children = (
			);
			path = NewsDetails;
			sourceTree = "<group>";
		};
		221EAD032573841700D644AC /* Data */ = {
			isa = PBXGroup;
			children = (
				221EAD0E2573914C00D644AC /* Entities */,
				221EAD052573843900D644AC /* Network */,
				221EAD042573842000D644AC /* Repositories */,
			);
			path = Data;
			sourceTree = "<group>";
		};
		221EAD042573842000D644AC /* Repositories */ = {
			isa = PBXGroup;
			children = (
			);
			path = Repositories;
			sourceTree = "<group>";
		};
		221EAD052573843900D644AC /* Network */ = {
			isa = PBXGroup;
			children = (
			);
			path = Network;
			sourceTree = "<group>";
		};
		221EAD06257387E300D644AC /* TopHeadlinesCell */ = {
			isa = PBXGroup;
			children = (
				221EAD072573880A00D644AC /* TopHeadlinesCell.swift */,
				221EAD082573880A00D644AC /* TopHeadlinesCell.xib */,
			);
			path = TopHeadlinesCell;
			sourceTree = "<group>";
		};
		221EAD0E2573914C00D644AC /* Entities */ = {
			isa = PBXGroup;
			children = (
				221EAD0F2573915F00D644AC /* NewsResponse.swift */,
			);
			path = Entities;
			sourceTree = "<group>";
		};
/* End PBXGroup section */

/* Begin PBXNativeTarget section */
		221EACB725737EAD00D644AC /* NewsApp */ = {
			isa = PBXNativeTarget;
			buildConfigurationList = 221EACE225737EAF00D644AC /* Build configuration list for PBXNativeTarget "NewsApp" */;
			buildPhases = (
				221EACB425737EAD00D644AC /* Sources */,
				221EACB525737EAD00D644AC /* Frameworks */,
				221EACB625737EAD00D644AC /* Resources */,
			);
			buildRules = (
			);
			dependencies = (
			);
			name = NewsApp;
			packageProductDependencies = (
				221EACEF25737F0C00D644AC /* Swinject */,
				221EACF52573832F00D644AC /* XCoordinator */,
			);
			productName = NewsApp;
			productReference = 221EACB825737EAD00D644AC /* NewsApp.app */;
			productType = "com.apple.product-type.application";
		};
		221EACCD25737EAF00D644AC /* NewsAppTests */ = {
			isa = PBXNativeTarget;
			buildConfigurationList = 221EACE525737EAF00D644AC /* Build configuration list for PBXNativeTarget "NewsAppTests" */;
			buildPhases = (
				221EACCA25737EAF00D644AC /* Sources */,
				221EACCB25737EAF00D644AC /* Frameworks */,
				221EACCC25737EAF00D644AC /* Resources */,
			);
			buildRules = (
			);
			dependencies = (
				221EACD025737EAF00D644AC /* PBXTargetDependency */,
			);
			name = NewsAppTests;
			productName = NewsAppTests;
			productReference = 221EACCE25737EAF00D644AC /* NewsAppTests.xctest */;
			productType = "com.apple.product-type.bundle.unit-test";
		};
		221EACD825737EAF00D644AC /* NewsAppUITests */ = {
			isa = PBXNativeTarget;
			buildConfigurationList = 221EACE825737EAF00D644AC /* Build configuration list for PBXNativeTarget "NewsAppUITests" */;
			buildPhases = (
				221EACD525737EAF00D644AC /* Sources */,
				221EACD625737EAF00D644AC /* Frameworks */,
				221EACD725737EAF00D644AC /* Resources */,
			);
			buildRules = (
			);
			dependencies = (
				221EACDB25737EAF00D644AC /* PBXTargetDependency */,
			);
			name = NewsAppUITests;
			productName = NewsAppUITests;
			productReference = 221EACD925737EAF00D644AC /* NewsAppUITests.xctest */;
			productType = "com.apple.product-type.bundle.ui-testing";
		};
/* End PBXNativeTarget section */

/* Begin PBXProject section */
		221EACB025737EAD00D644AC /* Project object */ = {
			isa = PBXProject;
			attributes = {
				LastSwiftUpdateCheck = 1220;
				LastUpgradeCheck = 1220;
				TargetAttributes = {
					221EACB725737EAD00D644AC = {
						CreatedOnToolsVersion = 12.2;
					};
					221EACCD25737EAF00D644AC = {
						CreatedOnToolsVersion = 12.2;
						TestTargetID = 221EACB725737EAD00D644AC;
					};
					221EACD825737EAF00D644AC = {
						CreatedOnToolsVersion = 12.2;
						TestTargetID = 221EACB725737EAD00D644AC;
					};
				};
			};
			buildConfigurationList = 221EACB325737EAD00D644AC /* Build configuration list for PBXProject "NewsApp" */;
			compatibilityVersion = "Xcode 9.3";
			developmentRegion = en;
			hasScannedForEncodings = 0;
			knownRegions = (
				en,
				Base,
			);
			mainGroup = 221EACAF25737EAD00D644AC;
			packageReferences = (
				221EACEE25737F0C00D644AC /* XCRemoteSwiftPackageReference "Swinject" */,
				221EACF42573832F00D644AC /* XCRemoteSwiftPackageReference "XCoordinator" */,
			);
			productRefGroup = 221EACB925737EAD00D644AC /* Products */;
			projectDirPath = "";
			projectRoot = "";
			targets = (
				221EACB725737EAD00D644AC /* NewsApp */,
				221EACCD25737EAF00D644AC /* NewsAppTests */,
				221EACD825737EAF00D644AC /* NewsAppUITests */,
			);
		};
/* End PBXProject section */

/* Begin PBXResourcesBuildPhase section */
		221EACB625737EAD00D644AC /* Resources */ = {
			isa = PBXResourcesBuildPhase;
			buildActionMask = 2147483647;
			files = (
				221EACC825737EAF00D644AC /* LaunchScreen.storyboard in Resources */,
				221EAD0A2573880A00D644AC /* TopHeadlinesCell.xib in Resources */,
				221EACC525737EAF00D644AC /* Assets.xcassets in Resources */,
				221EACC325737EAD00D644AC /* Main.storyboard in Resources */,
			);
			runOnlyForDeploymentPostprocessing = 0;
		};
		221EACCC25737EAF00D644AC /* Resources */ = {
			isa = PBXResourcesBuildPhase;
			buildActionMask = 2147483647;
			files = (
			);
			runOnlyForDeploymentPostprocessing = 0;
		};
		221EACD725737EAF00D644AC /* Resources */ = {
			isa = PBXResourcesBuildPhase;
			buildActionMask = 2147483647;
			files = (
			);
			runOnlyForDeploymentPostprocessing = 0;
		};
/* End PBXResourcesBuildPhase section */

/* Begin PBXSourcesBuildPhase section */
		221EACB425737EAD00D644AC /* Sources */ = {
			isa = PBXSourcesBuildPhase;
			buildActionMask = 2147483647;
			files = (
				221EAD1825739F6300D644AC /* News.swift in Sources */,
				221EACC025737EAD00D644AC /* ViewController.swift in Sources */,
				221EAD102573915F00D644AC /* NewsResponse.swift in Sources */,
				221EAD092573880A00D644AC /* TopHeadlinesCell.swift in Sources */,
				221EACBC25737EAD00D644AC /* AppDelegate.swift in Sources */,
				221EACBE25737EAD00D644AC /* SceneDelegate.swift in Sources */,
			);
			runOnlyForDeploymentPostprocessing = 0;
		};
		221EACCA25737EAF00D644AC /* Sources */ = {
			isa = PBXSourcesBuildPhase;
			buildActionMask = 2147483647;
			files = (
				221EACD325737EAF00D644AC /* NewsAppTests.swift in Sources */,
			);
			runOnlyForDeploymentPostprocessing = 0;
		};
		221EACD525737EAF00D644AC /* Sources */ = {
			isa = PBXSourcesBuildPhase;
			buildActionMask = 2147483647;
			files = (
				221EACDE25737EAF00D644AC /* NewsAppUITests.swift in Sources */,
			);
			runOnlyForDeploymentPostprocessing = 0;
		};
/* End PBXSourcesBuildPhase section */

/* Begin PBXTargetDependency section */
		221EACD025737EAF00D644AC /* PBXTargetDependency */ = {
			isa = PBXTargetDependency;
			target = 221EACB725737EAD00D644AC /* NewsApp */;
			targetProxy = 221EACCF25737EAF00D644AC /* PBXContainerItemProxy */;
		};
		221EACDB25737EAF00D644AC /* PBXTargetDependency */ = {
			isa = PBXTargetDependency;
			target = 221EACB725737EAD00D644AC /* NewsApp */;
			targetProxy = 221EACDA25737EAF00D644AC /* PBXContainerItemProxy */;
		};
/* End PBXTargetDependency section */

/* Begin PBXVariantGroup section */
		221EACC125737EAD00D644AC /* Main.storyboard */ = {
			isa = PBXVariantGroup;
			children = (
				221EACC225737EAD00D644AC /* Base */,
			);
			name = Main.storyboard;
			sourceTree = "<group>";
		};
		221EACC625737EAF00D644AC /* LaunchScreen.storyboard */ = {
			isa = PBXVariantGroup;
			children = (
				221EACC725737EAF00D644AC /* Base */,
			);
			name = LaunchScreen.storyboard;
			sourceTree = "<group>";
		};
/* End PBXVariantGroup section */

/* Begin XCBuildConfiguration section */
		221EACE025737EAF00D644AC /* Debug */ = {
			isa = XCBuildConfiguration;
			buildSettings = {
				ALWAYS_SEARCH_USER_PATHS = NO;
				CLANG_ANALYZER_NONNULL = YES;
				CLANG_ANALYZER_NUMBER_OBJECT_CONVERSION = YES_AGGRESSIVE;
				CLANG_CXX_LANGUAGE_STANDARD = "gnu++14";
				CLANG_CXX_LIBRARY = "libc++";
				CLANG_ENABLE_MODULES = YES;
				CLANG_ENABLE_OBJC_ARC = YES;
				CLANG_ENABLE_OBJC_WEAK = YES;
				CLANG_WARN_BLOCK_CAPTURE_AUTORELEASING = YES;
				CLANG_WARN_BOOL_CONVERSION = YES;
				CLANG_WARN_COMMA = YES;
				CLANG_WARN_CONSTANT_CONVERSION = YES;
				CLANG_WARN_DEPRECATED_OBJC_IMPLEMENTATIONS = YES;
				CLANG_WARN_DIRECT_OBJC_ISA_USAGE = YES_ERROR;
				CLANG_WARN_DOCUMENTATION_COMMENTS = YES;
				CLANG_WARN_EMPTY_BODY = YES;
				CLANG_WARN_ENUM_CONVERSION = YES;
				CLANG_WARN_INFINITE_RECURSION = YES;
				CLANG_WARN_INT_CONVERSION = YES;
				CLANG_WARN_NON_LITERAL_NULL_CONVERSION = YES;
				CLANG_WARN_OBJC_IMPLICIT_RETAIN_SELF = YES;
				CLANG_WARN_OBJC_LITERAL_CONVERSION = YES;
				CLANG_WARN_OBJC_ROOT_CLASS = YES_ERROR;
				CLANG_WARN_QUOTED_INCLUDE_IN_FRAMEWORK_HEADER = YES;
				CLANG_WARN_RANGE_LOOP_ANALYSIS = YES;
				CLANG_WARN_STRICT_PROTOTYPES = YES;
				CLANG_WARN_SUSPICIOUS_MOVE = YES;
				CLANG_WARN_UNGUARDED_AVAILABILITY = YES_AGGRESSIVE;
				CLANG_WARN_UNREACHABLE_CODE = YES;
				CLANG_WARN__DUPLICATE_METHOD_MATCH = YES;
				COPY_PHASE_STRIP = NO;
				DEBUG_INFORMATION_FORMAT = dwarf;
				ENABLE_STRICT_OBJC_MSGSEND = YES;
				ENABLE_TESTABILITY = YES;
				GCC_C_LANGUAGE_STANDARD = gnu11;
				GCC_DYNAMIC_NO_PIC = NO;
				GCC_NO_COMMON_BLOCKS = YES;
				GCC_OPTIMIZATION_LEVEL = 0;
				GCC_PREPROCESSOR_DEFINITIONS = (
					"DEBUG=1",
					"$(inherited)",
				);
				GCC_WARN_64_TO_32_BIT_CONVERSION = YES;
				GCC_WARN_ABOUT_RETURN_TYPE = YES_ERROR;
				GCC_WARN_UNDECLARED_SELECTOR = YES;
				GCC_WARN_UNINITIALIZED_AUTOS = YES_AGGRESSIVE;
				GCC_WARN_UNUSED_FUNCTION = YES;
				GCC_WARN_UNUSED_VARIABLE = YES;
				IPHONEOS_DEPLOYMENT_TARGET = 14.2;
				MTL_ENABLE_DEBUG_INFO = INCLUDE_SOURCE;
				MTL_FAST_MATH = YES;
				ONLY_ACTIVE_ARCH = YES;
				SDKROOT = iphoneos;
				SWIFT_ACTIVE_COMPILATION_CONDITIONS = DEBUG;
				SWIFT_OPTIMIZATION_LEVEL = "-Onone";
			};
			name = Debug;
		};
		221EACE125737EAF00D644AC /* Release */ = {
			isa = XCBuildConfiguration;
			buildSettings = {
				ALWAYS_SEARCH_USER_PATHS = NO;
				CLANG_ANALYZER_NONNULL = YES;
				CLANG_ANALYZER_NUMBER_OBJECT_CONVERSION = YES_AGGRESSIVE;
				CLANG_CXX_LANGUAGE_STANDARD = "gnu++14";
				CLANG_CXX_LIBRARY = "libc++";
				CLANG_ENABLE_MODULES = YES;
				CLANG_ENABLE_OBJC_ARC = YES;
				CLANG_ENABLE_OBJC_WEAK = YES;
				CLANG_WARN_BLOCK_CAPTURE_AUTORELEASING = YES;
				CLANG_WARN_BOOL_CONVERSION = YES;
				CLANG_WARN_COMMA = YES;
				CLANG_WARN_CONSTANT_CONVERSION = YES;
				CLANG_WARN_DEPRECATED_OBJC_IMPLEMENTATIONS = YES;
				CLANG_WARN_DIRECT_OBJC_ISA_USAGE = YES_ERROR;
				CLANG_WARN_DOCUMENTATION_COMMENTS = YES;
				CLANG_WARN_EMPTY_BODY = YES;
				CLANG_WARN_ENUM_CONVERSION = YES;
				CLANG_WARN_INFINITE_RECURSION = YES;
				CLANG_WARN_INT_CONVERSION = YES;
				CLANG_WARN_NON_LITERAL_NULL_CONVERSION = YES;
				CLANG_WARN_OBJC_IMPLICIT_RETAIN_SELF = YES;
				CLANG_WARN_OBJC_LITERAL_CONVERSION = YES;
				CLANG_WARN_OBJC_ROOT_CLASS = YES_ERROR;
				CLANG_WARN_QUOTED_INCLUDE_IN_FRAMEWORK_HEADER = YES;
				CLANG_WARN_RANGE_LOOP_ANALYSIS = YES;
				CLANG_WARN_STRICT_PROTOTYPES = YES;
				CLANG_WARN_SUSPICIOUS_MOVE = YES;
				CLANG_WARN_UNGUARDED_AVAILABILITY = YES_AGGRESSIVE;
				CLANG_WARN_UNREACHABLE_CODE = YES;
				CLANG_WARN__DUPLICATE_METHOD_MATCH = YES;
				COPY_PHASE_STRIP = NO;
				DEBUG_INFORMATION_FORMAT = "dwarf-with-dsym";
				ENABLE_NS_ASSERTIONS = NO;
				ENABLE_STRICT_OBJC_MSGSEND = YES;
				GCC_C_LANGUAGE_STANDARD = gnu11;
				GCC_NO_COMMON_BLOCKS = YES;
				GCC_WARN_64_TO_32_BIT_CONVERSION = YES;
				GCC_WARN_ABOUT_RETURN_TYPE = YES_ERROR;
				GCC_WARN_UNDECLARED_SELECTOR = YES;
				GCC_WARN_UNINITIALIZED_AUTOS = YES_AGGRESSIVE;
				GCC_WARN_UNUSED_FUNCTION = YES;
				GCC_WARN_UNUSED_VARIABLE = YES;
				IPHONEOS_DEPLOYMENT_TARGET = 14.2;
				MTL_ENABLE_DEBUG_INFO = NO;
				MTL_FAST_MATH = YES;
				SDKROOT = iphoneos;
				SWIFT_COMPILATION_MODE = wholemodule;
				SWIFT_OPTIMIZATION_LEVEL = "-O";
				VALIDATE_PRODUCT = YES;
			};
			name = Release;
		};
		221EACE325737EAF00D644AC /* Debug */ = {
			isa = XCBuildConfiguration;
			buildSettings = {
				ASSETCATALOG_COMPILER_APPICON_NAME = AppIcon;
				ASSETCATALOG_COMPILER_GLOBAL_ACCENT_COLOR_NAME = AccentColor;
				CODE_SIGN_STYLE = Automatic;
				DEVELOPMENT_TEAM = J44FN6TU5Q;
				INFOPLIST_FILE = NewsApp/Info.plist;
				LD_RUNPATH_SEARCH_PATHS = (
					"$(inherited)",
					"@executable_path/Frameworks",
				);
				PRODUCT_BUNDLE_IDENTIFIER = tech.central.NewsApp;
				PRODUCT_NAME = "$(TARGET_NAME)";
				SWIFT_VERSION = 5.0;
				TARGETED_DEVICE_FAMILY = "1,2";
			};
			name = Debug;
		};
		221EACE425737EAF00D644AC /* Release */ = {
			isa = XCBuildConfiguration;
			buildSettings = {
				ASSETCATALOG_COMPILER_APPICON_NAME = AppIcon;
				ASSETCATALOG_COMPILER_GLOBAL_ACCENT_COLOR_NAME = AccentColor;
				CODE_SIGN_STYLE = Automatic;
				DEVELOPMENT_TEAM = J44FN6TU5Q;
				INFOPLIST_FILE = NewsApp/Info.plist;
				LD_RUNPATH_SEARCH_PATHS = (
					"$(inherited)",
					"@executable_path/Frameworks",
				);
				PRODUCT_BUNDLE_IDENTIFIER = tech.central.NewsApp;
				PRODUCT_NAME = "$(TARGET_NAME)";
				SWIFT_VERSION = 5.0;
				TARGETED_DEVICE_FAMILY = "1,2";
			};
			name = Release;
		};
		221EACE625737EAF00D644AC /* Debug */ = {
			isa = XCBuildConfiguration;
			buildSettings = {
				ALWAYS_EMBED_SWIFT_STANDARD_LIBRARIES = YES;
				BUNDLE_LOADER = "$(TEST_HOST)";
				CODE_SIGN_STYLE = Automatic;
				DEVELOPMENT_TEAM = J44FN6TU5Q;
				INFOPLIST_FILE = NewsAppTests/Info.plist;
				IPHONEOS_DEPLOYMENT_TARGET = 14.2;
				LD_RUNPATH_SEARCH_PATHS = (
					"$(inherited)",
					"@executable_path/Frameworks",
					"@loader_path/Frameworks",
				);
				PRODUCT_BUNDLE_IDENTIFIER = tech.central.NewsAppTests;
				PRODUCT_NAME = "$(TARGET_NAME)";
				SWIFT_VERSION = 5.0;
				TARGETED_DEVICE_FAMILY = "1,2";
				TEST_HOST = "$(BUILT_PRODUCTS_DIR)/NewsApp.app/NewsApp";
			};
			name = Debug;
		};
		221EACE725737EAF00D644AC /* Release */ = {
			isa = XCBuildConfiguration;
			buildSettings = {
				ALWAYS_EMBED_SWIFT_STANDARD_LIBRARIES = YES;
				BUNDLE_LOADER = "$(TEST_HOST)";
				CODE_SIGN_STYLE = Automatic;
				DEVELOPMENT_TEAM = J44FN6TU5Q;
				INFOPLIST_FILE = NewsAppTests/Info.plist;
				IPHONEOS_DEPLOYMENT_TARGET = 14.2;
				LD_RUNPATH_SEARCH_PATHS = (
					"$(inherited)",
					"@executable_path/Frameworks",
					"@loader_path/Frameworks",
				);
				PRODUCT_BUNDLE_IDENTIFIER = tech.central.NewsAppTests;
				PRODUCT_NAME = "$(TARGET_NAME)";
				SWIFT_VERSION = 5.0;
				TARGETED_DEVICE_FAMILY = "1,2";
				TEST_HOST = "$(BUILT_PRODUCTS_DIR)/NewsApp.app/NewsApp";
			};
			name = Release;
		};
		221EACE925737EAF00D644AC /* Debug */ = {
			isa = XCBuildConfiguration;
			buildSettings = {
				ALWAYS_EMBED_SWIFT_STANDARD_LIBRARIES = YES;
				CODE_SIGN_STYLE = Automatic;
				DEVELOPMENT_TEAM = J44FN6TU5Q;
				INFOPLIST_FILE = NewsAppUITests/Info.plist;
				LD_RUNPATH_SEARCH_PATHS = (
					"$(inherited)",
					"@executable_path/Frameworks",
					"@loader_path/Frameworks",
				);
				PRODUCT_BUNDLE_IDENTIFIER = tech.central.NewsAppUITests;
				PRODUCT_NAME = "$(TARGET_NAME)";
				SWIFT_VERSION = 5.0;
				TARGETED_DEVICE_FAMILY = "1,2";
				TEST_TARGET_NAME = NewsApp;
			};
			name = Debug;
		};
		221EACEA25737EAF00D644AC /* Release */ = {
			isa = XCBuildConfiguration;
			buildSettings = {
				ALWAYS_EMBED_SWIFT_STANDARD_LIBRARIES = YES;
				CODE_SIGN_STYLE = Automatic;
				DEVELOPMENT_TEAM = J44FN6TU5Q;
				INFOPLIST_FILE = NewsAppUITests/Info.plist;
				LD_RUNPATH_SEARCH_PATHS = (
					"$(inherited)",
					"@executable_path/Frameworks",
					"@loader_path/Frameworks",
				);
				PRODUCT_BUNDLE_IDENTIFIER = tech.central.NewsAppUITests;
				PRODUCT_NAME = "$(TARGET_NAME)";
				SWIFT_VERSION = 5.0;
				TARGETED_DEVICE_FAMILY = "1,2";
				TEST_TARGET_NAME = NewsApp;
			};
			name = Release;
		};
/* End XCBuildConfiguration section */

/* Begin XCConfigurationList section */
		221EACB325737EAD00D644AC /* Build configuration list for PBXProject "NewsApp" */ = {
			isa = XCConfigurationList;
			buildConfigurations = (
				221EACE025737EAF00D644AC /* Debug */,
				221EACE125737EAF00D644AC /* Release */,
			);
			defaultConfigurationIsVisible = 0;
			defaultConfigurationName = Release;
		};
		221EACE225737EAF00D644AC /* Build configuration list for PBXNativeTarget "NewsApp" */ = {
			isa = XCConfigurationList;
			buildConfigurations = (
				221EACE325737EAF00D644AC /* Debug */,
				221EACE425737EAF00D644AC /* Release */,
			);
			defaultConfigurationIsVisible = 0;
			defaultConfigurationName = Release;
		};
		221EACE525737EAF00D644AC /* Build configuration list for PBXNativeTarget "NewsAppTests" */ = {
			isa = XCConfigurationList;
			buildConfigurations = (
				221EACE625737EAF00D644AC /* Debug */,
				221EACE725737EAF00D644AC /* Release */,
			);
			defaultConfigurationIsVisible = 0;
			defaultConfigurationName = Release;
		};
		221EACE825737EAF00D644AC /* Build configuration list for PBXNativeTarget "NewsAppUITests" */ = {
			isa = XCConfigurationList;
			buildConfigurations = (
				221EACE925737EAF00D644AC /* Debug */,
				221EACEA25737EAF00D644AC /* Release */,
			);
			defaultConfigurationIsVisible = 0;
			defaultConfigurationName = Release;
		};
/* End XCConfigurationList section */

/* Begin XCRemoteSwiftPackageReference section */
		221EACEE25737F0C00D644AC /* XCRemoteSwiftPackageReference "Swinject" */ = {
			isa = XCRemoteSwiftPackageReference;
			repositoryURL = "https://github.com/Swinject/Swinject.git";
			requirement = {
				kind = upToNextMajorVersion;
				minimumVersion = 2.7.1;
			};
		};
		221EACF42573832F00D644AC /* XCRemoteSwiftPackageReference "XCoordinator" */ = {
			isa = XCRemoteSwiftPackageReference;
			repositoryURL = "https://github.com/quickbirdstudios/XCoordinator.git";
			requirement = {
				kind = upToNextMajorVersion;
				minimumVersion = 2.0.7;
			};
		};
/* End XCRemoteSwiftPackageReference section */

/* Begin XCSwiftPackageProductDependency section */
		221EACEF25737F0C00D644AC /* Swinject */ = {
			isa = XCSwiftPackageProductDependency;
			package = 221EACEE25737F0C00D644AC /* XCRemoteSwiftPackageReference "Swinject" */;
			productName = Swinject;
		};
		221EACF52573832F00D644AC /* XCoordinator */ = {
			isa = XCSwiftPackageProductDependency;
			package = 221EACF42573832F00D644AC /* XCRemoteSwiftPackageReference "XCoordinator" */;
			productName = XCoordinator;
		};
/* End XCSwiftPackageProductDependency section */
	};
	rootObject = 221EACB025737EAD00D644AC /* Project object */;
}
